<?xml version="1.0" encoding="utf-8"?>
<Project ToolsVersion="4.0" xmlns="http://schemas.microsoft.com/developer/msbuild/2003">
  <ItemGroup>
    <Filter Include="Source Files">
      <UniqueIdentifier>{4FC737F1-C7A5-4376-A066-2A32D752A2FF}</UniqueIdentifier>
      <Extensions>cpp;c;cc;cxx;def;odl;idl;hpj;bat;asm;asmx</Extensions>
    </Filter>
    <Filter Include="Header Files">
      <UniqueIdentifier>{93995380-89BD-4b04-88EB-625FBE52EBFB}</UniqueIdentifier>
      <Extensions>h;hpp;hxx;hm;inl;inc;xsd</Extensions>
    </Filter>
    <Filter Include="Resource Files">
      <UniqueIdentifier>{67DA6AB6-F800-4c08-8B7A-83BB121AAD01}</UniqueIdentifier>
      <Extensions>rc;ico;cur;bmp;dlg;rc2;rct;bin;rgs;gif;jpg;jpeg;jpe;resx;tiff;tif;png;wav;mfcribbon-ms</Extensions>
    </Filter>
  </ItemGroup>
  <ItemGroup>
    <ClInclude Include="PointSetIO.h">
      <Filter>Header Files</Filter>
    </ClInclude>
    <ClInclude Include="Vec.h">
      <Filter>Header Files</Filter>
    </ClInclude>
    <ClInclude Include="Assert.h">
      <Filter>Header Files</Filter>
    </ClInclude>
    <ClInclude Include="CpuTimer.h">
      <Filter>Header Files</Filter>
    </ClInclude>
    <ClInclude Include="WellSeparatedTuple.h">
      <Filter>Header Files</Filter>
    </ClInclude>
    <ClInclude Include="WspdConstructor.h">
      <Filter>Header Files</Filter>
    </ClInclude>
    <ClInclude Include="WssdConstructor.h">
      <Filter>Header Files</Filter>
    </ClInclude>
    <ClInclude Include="WspdValidator.h">
      <Filter>Header Files</Filter>
    </ClInclude>
    <ClInclude Include="WssdValidator.h">
      <Filter>Header Files</Filter>
    </ClInclude>
    <ClInclude Include="Orthant.h">
      <Filter>Header Files</Filter>
    </ClInclude>
    <ClInclude Include="AxisAlignedBoundingBox.h">
      <Filter>Header Files</Filter>
    </ClInclude>
    <ClInclude Include="WssdStats.h">
      <Filter>Header Files</Filter>
    </ClInclude>
    <ClInclude Include="Simplex.h">
      <Filter>Header Files</Filter>
    </ClInclude>
    <ClInclude Include="Quadtree.h">
      <Filter>Header Files</Filter>
    </ClInclude>
    <ClInclude Include="QuadtreeConstructor.h">
      <Filter>Header Files</Filter>
    </ClInclude>
    <ClInclude Include="QuadtreeStats.h">
      <Filter>Header Files</Filter>
    </ClInclude>
    <ClInclude Include="QuadtreeValidator.h">
      <Filter>Header Files</Filter>
    </ClInclude>
    <ClInclude Include="WSSD.h">
      <Filter>Header Files</Filter>
    </ClInclude>
    <ClInclude Include="FiltrationConstructor.h">
      <Filter>Header Files</Filter>
    </ClInclude>
    <ClInclude Include="Filtration.h">
      <Filter>Header Files</Filter>
    </ClInclude>
    <ClInclude Include="FiltrationValidator.h">
      <Filter>Header Files</Filter>
    </ClInclude>
    <ClInclude Include="Exporter.h">
      <Filter>Header Files</Filter>
    </ClInclude>
    <ClInclude Include="Miniball.hpp">
      <Filter>Header Files</Filter>
    </ClInclude>
  </ItemGroup>
  <ItemGroup>
    <ClCompile Include="main.cpp">
      <Filter>Source Files</Filter>
    </ClCompile>
    <ClCompile Include="WspdConstructor.cpp">
      <Filter>Source Files</Filter>
    </ClCompile>
    <ClCompile Include="WssdConstructor.cpp">
      <Filter>Source Files</Filter>
    </ClCompile>
    <ClCompile Include="WspdValidator.cpp">
      <Filter>Source Files</Filter>
    </ClCompile>
    <ClCompile Include="WssdValidator.cpp">
      <Filter>Source Files</Filter>
    </ClCompile>
    <ClCompile Include="WellSeparatedTuple.cpp">
      <Filter>Source Files</Filter>
    </ClCompile>
    <ClCompile Include="Vec.cpp">
      <Filter>Source Files</Filter>
    </ClCompile>
    <ClCompile Include="WssdStats.cpp">
      <Filter>Source Files</Filter>
    </ClCompile>
    <ClCompile Include="Simplex.cpp">
      <Filter>Source Files</Filter>
    </ClCompile>
    <ClCompile Include="Quadtree.cpp">
      <Filter>Source Files</Filter>
    </ClCompile>
    <ClCompile Include="QuadtreeConstructor.cpp">
      <Filter>Source Files</Filter>
    </ClCompile>
    <ClCompile Include="QuadtreeStats.cpp">
      <Filter>Source Files</Filter>
    </ClCompile>
    <ClCompile Include="QuadtreeValidator.cpp">
      <Filter>Source Files</Filter>
    </ClCompile>
    <ClCompile Include="FiltrationConstructor.cpp">
      <Filter>Source Files</Filter>
    </ClCompile>
    <ClCompile Include="FiltrationValidator.cpp">
      <Filter>Source Files</Filter>
    </ClCompile>
    <ClCompile Include="Exporter.cpp">
      <Filter>Source Files</Filter>
    </ClCompile>
  </ItemGroup>
</Project>